
Microsoft Visual Studio Solution File, Format Version 12.00
# Visual Studio Version 17
VisualStudioVersion = 17.11.35431.28
MinimumVisualStudioVersion = 10.0.40219.1
Project("{9A19103F-16F7-4668-BE54-9A1E7A4F7556}") = "Day1Part1", "Day1\Part1\Day1Part1.csproj", "{7F68BD27-1FA7-4877-B836-F2AB9EDD979C}"
EndProject
Project("{9A19103F-16F7-4668-BE54-9A1E7A4F7556}") = "Day1Part2", "Day1\Part2\Day1Part2.csproj", "{1461F7EA-9A54-4688-9593-B5F65B5E9DB8}"
EndProject
Project("{2150E333-8FDC-42A3-9474-1A3956D46DE8}") = "Day1", "Day1", "{FC537FC3-8778-45C8-B1A1-02EF2BC998F2}"
EndProject
Project("{2150E333-8FDC-42A3-9474-1A3956D46DE8}") = "Day2", "Day2", "{2A7CF0E2-66B0-4DAA-8CD9-86F620746C4E}"
EndProject
Project("{9A19103F-16F7-4668-BE54-9A1E7A4F7556}") = "Day2.Part1", "Day2\Part1\Day2.Part1.csproj", "{E56EA9CD-15C5-4DFB-8103-401AC0E22B3A}"
EndProject
Project("{9A19103F-16F7-4668-BE54-9A1E7A4F7556}") = "Day2.Part2", "Day2\Part2\Day2.Part2.csproj", "{16339440-086F-45D6-AC3A-D58018561E52}"
EndProject
Project("{2150E333-8FDC-42A3-9474-1A3956D46DE8}") = "Day3", "Day3", "{4D8F5734-45F7-4B8F-8E3D-32E073DAC965}"
EndProject
Project("{9A19103F-16F7-4668-BE54-9A1E7A4F7556}") = "Day3.Part1", "Day3\Part1\Day3.Part1.csproj", "{18209E8A-62D9-4384-B87D-894AF11C340E}"
EndProject
Project("{9A19103F-16F7-4668-BE54-9A1E7A4F7556}") = "Day3.Part2", "Day3\Part2\Day3.Part2.csproj", "{813D9B5A-80F4-44A3-8D5B-3A52C20F7EE8}"
EndProject
Project("{2150E333-8FDC-42A3-9474-1A3956D46DE8}") = "Day4", "Day4", "{DCBFCA77-39FF-4008-8283-DCBD10C4D456}"
EndProject
Project("{9A19103F-16F7-4668-BE54-9A1E7A4F7556}") = "Day4.Part1", "Day4\Part1\Day4.Part1.csproj", "{305252EE-D5B5-4350-A5A2-B183A044D717}"
EndProject
Project("{9A19103F-16F7-4668-BE54-9A1E7A4F7556}") = "Day4.Part2", "Day4\Part2\Day4.Part2.csproj", "{C1A12338-226F-4008-B780-37B25AE254CD}"
EndProject
Project("{2150E333-8FDC-42A3-9474-1A3956D46DE8}") = "Day5", "Day5", "{6E8F599A-369E-41EC-AFFA-61E768CB38E9}"
EndProject
Project("{9A19103F-16F7-4668-BE54-9A1E7A4F7556}") = "Day5.Part1", "Day5\Part1\Day5.Part1.csproj", "{6C3FA263-7B3B-4817-A48B-B10910CB1477}"
EndProject
Project("{9A19103F-16F7-4668-BE54-9A1E7A4F7556}") = "Day5.Part2", "Day5\Part2\Day5.Part2.csproj", "{0888EF51-7282-4CE7-9CA7-8B829D2E3978}"
EndProject
Project("{2150E333-8FDC-42A3-9474-1A3956D46DE8}") = "Day6", "Day6", "{2B6F3930-8EEC-4A81-B73B-250226EE21D1}"
EndProject
Project("{FAE04EC0-301F-11D3-BF4B-00C04F79EFBC}") = "Day6.Part1", "Day6\Part1\Day6.Part1.csproj", "{2E968712-D651-4E76-AE9C-F4F4EBD659E8}"
EndProject
Project("{FAE04EC0-301F-11D3-BF4B-00C04F79EFBC}") = "Day6.Part2", "Day6\Part2\Day6.Part2.csproj", "{C08AF33B-40EE-4F9F-AEC3-0EB6D1C3F0E5}"
EndProject
Global
	GlobalSection(SolutionConfigurationPlatforms) = preSolution
		Debug|Any CPU = Debug|Any CPU
		Release|Any CPU = Release|Any CPU
	EndGlobalSection
	GlobalSection(ProjectConfigurationPlatforms) = postSolution
		{7F68BD27-1FA7-4877-B836-F2AB9EDD979C}.Debug|Any CPU.ActiveCfg = Debug|Any CPU
		{7F68BD27-1FA7-4877-B836-F2AB9EDD979C}.Debug|Any CPU.Build.0 = Debug|Any CPU
		{7F68BD27-1FA7-4877-B836-F2AB9EDD979C}.Release|Any CPU.ActiveCfg = Release|Any CPU
		{7F68BD27-1FA7-4877-B836-F2AB9EDD979C}.Release|Any CPU.Build.0 = Release|Any CPU
		{1461F7EA-9A54-4688-9593-B5F65B5E9DB8}.Debug|Any CPU.ActiveCfg = Debug|Any CPU
		{1461F7EA-9A54-4688-9593-B5F65B5E9DB8}.Debug|Any CPU.Build.0 = Debug|Any CPU
		{1461F7EA-9A54-4688-9593-B5F65B5E9DB8}.Release|Any CPU.ActiveCfg = Release|Any CPU
		{1461F7EA-9A54-4688-9593-B5F65B5E9DB8}.Release|Any CPU.Build.0 = Release|Any CPU
		{E56EA9CD-15C5-4DFB-8103-401AC0E22B3A}.Debug|Any CPU.ActiveCfg = Debug|Any CPU
		{E56EA9CD-15C5-4DFB-8103-401AC0E22B3A}.Debug|Any CPU.Build.0 = Debug|Any CPU
		{E56EA9CD-15C5-4DFB-8103-401AC0E22B3A}.Release|Any CPU.ActiveCfg = Release|Any CPU
		{E56EA9CD-15C5-4DFB-8103-401AC0E22B3A}.Release|Any CPU.Build.0 = Release|Any CPU
		{16339440-086F-45D6-AC3A-D58018561E52}.Debug|Any CPU.ActiveCfg = Debug|Any CPU
		{16339440-086F-45D6-AC3A-D58018561E52}.Debug|Any CPU.Build.0 = Debug|Any CPU
		{16339440-086F-45D6-AC3A-D58018561E52}.Release|Any CPU.ActiveCfg = Release|Any CPU
		{16339440-086F-45D6-AC3A-D58018561E52}.Release|Any CPU.Build.0 = Release|Any CPU
		{18209E8A-62D9-4384-B87D-894AF11C340E}.Debug|Any CPU.ActiveCfg = Debug|Any CPU
		{18209E8A-62D9-4384-B87D-894AF11C340E}.Debug|Any CPU.Build.0 = Debug|Any CPU
		{18209E8A-62D9-4384-B87D-894AF11C340E}.Release|Any CPU.ActiveCfg = Release|Any CPU
		{18209E8A-62D9-4384-B87D-894AF11C340E}.Release|Any CPU.Build.0 = Release|Any CPU
		{813D9B5A-80F4-44A3-8D5B-3A52C20F7EE8}.Debug|Any CPU.ActiveCfg = Debug|Any CPU
		{813D9B5A-80F4-44A3-8D5B-3A52C20F7EE8}.Debug|Any CPU.Build.0 = Debug|Any CPU
		{813D9B5A-80F4-44A3-8D5B-3A52C20F7EE8}.Release|Any CPU.ActiveCfg = Release|Any CPU
		{813D9B5A-80F4-44A3-8D5B-3A52C20F7EE8}.Release|Any CPU.Build.0 = Release|Any CPU
		{305252EE-D5B5-4350-A5A2-B183A044D717}.Debug|Any CPU.ActiveCfg = Debug|Any CPU
		{305252EE-D5B5-4350-A5A2-B183A044D717}.Debug|Any CPU.Build.0 = Debug|Any CPU
		{305252EE-D5B5-4350-A5A2-B183A044D717}.Release|Any CPU.ActiveCfg = Release|Any CPU
		{305252EE-D5B5-4350-A5A2-B183A044D717}.Release|Any CPU.Build.0 = Release|Any CPU
		{C1A12338-226F-4008-B780-37B25AE254CD}.Debug|Any CPU.ActiveCfg = Debug|Any CPU
		{C1A12338-226F-4008-B780-37B25AE254CD}.Debug|Any CPU.Build.0 = Debug|Any CPU
		{C1A12338-226F-4008-B780-37B25AE254CD}.Release|Any CPU.ActiveCfg = Release|Any CPU
		{C1A12338-226F-4008-B780-37B25AE254CD}.Release|Any CPU.Build.0 = Release|Any CPU
		{6C3FA263-7B3B-4817-A48B-B10910CB1477}.Debug|Any CPU.ActiveCfg = Debug|Any CPU
		{6C3FA263-7B3B-4817-A48B-B10910CB1477}.Debug|Any CPU.Build.0 = Debug|Any CPU
		{6C3FA263-7B3B-4817-A48B-B10910CB1477}.Release|Any CPU.ActiveCfg = Release|Any CPU
		{6C3FA263-7B3B-4817-A48B-B10910CB1477}.Release|Any CPU.Build.0 = Release|Any CPU
		{0888EF51-7282-4CE7-9CA7-8B829D2E3978}.Debug|Any CPU.ActiveCfg = Debug|Any CPU
		{0888EF51-7282-4CE7-9CA7-8B829D2E3978}.Debug|Any CPU.Build.0 = Debug|Any CPU
		{0888EF51-7282-4CE7-9CA7-8B829D2E3978}.Release|Any CPU.ActiveCfg = Release|Any CPU
		{0888EF51-7282-4CE7-9CA7-8B829D2E3978}.Release|Any CPU.Build.0 = Release|Any CPU
		{2E968712-D651-4E76-AE9C-F4F4EBD659E8}.Debug|Any CPU.ActiveCfg = Debug|Any CPU
		{2E968712-D651-4E76-AE9C-F4F4EBD659E8}.Debug|Any CPU.Build.0 = Debug|Any CPU
		{2E968712-D651-4E76-AE9C-F4F4EBD659E8}.Release|Any CPU.ActiveCfg = Release|Any CPU
		{2E968712-D651-4E76-AE9C-F4F4EBD659E8}.Release|Any CPU.Build.0 = Release|Any CPU
		{C08AF33B-40EE-4F9F-AEC3-0EB6D1C3F0E5}.Debug|Any CPU.ActiveCfg = Debug|Any CPU
		{C08AF33B-40EE-4F9F-AEC3-0EB6D1C3F0E5}.Debug|Any CPU.Build.0 = Debug|Any CPU
		{C08AF33B-40EE-4F9F-AEC3-0EB6D1C3F0E5}.Release|Any CPU.ActiveCfg = Release|Any CPU
		{C08AF33B-40EE-4F9F-AEC3-0EB6D1C3F0E5}.Release|Any CPU.Build.0 = Release|Any CPU
	EndGlobalSection
	GlobalSection(SolutionProperties) = preSolution
		HideSolutionNode = FALSE
	EndGlobalSection
	GlobalSection(NestedProjects) = preSolution
		{7F68BD27-1FA7-4877-B836-F2AB9EDD979C} = {FC537FC3-8778-45C8-B1A1-02EF2BC998F2}
		{1461F7EA-9A54-4688-9593-B5F65B5E9DB8} = {FC537FC3-8778-45C8-B1A1-02EF2BC998F2}
		{E56EA9CD-15C5-4DFB-8103-401AC0E22B3A} = {2A7CF0E2-66B0-4DAA-8CD9-86F620746C4E}
		{16339440-086F-45D6-AC3A-D58018561E52} = {2A7CF0E2-66B0-4DAA-8CD9-86F620746C4E}
		{18209E8A-62D9-4384-B87D-894AF11C340E} = {4D8F5734-45F7-4B8F-8E3D-32E073DAC965}
		{813D9B5A-80F4-44A3-8D5B-3A52C20F7EE8} = {4D8F5734-45F7-4B8F-8E3D-32E073DAC965}
		{305252EE-D5B5-4350-A5A2-B183A044D717} = {DCBFCA77-39FF-4008-8283-DCBD10C4D456}
		{C1A12338-226F-4008-B780-37B25AE254CD} = {DCBFCA77-39FF-4008-8283-DCBD10C4D456}
		{6C3FA263-7B3B-4817-A48B-B10910CB1477} = {6E8F599A-369E-41EC-AFFA-61E768CB38E9}
		{0888EF51-7282-4CE7-9CA7-8B829D2E3978} = {6E8F599A-369E-41EC-AFFA-61E768CB38E9}
		{2E968712-D651-4E76-AE9C-F4F4EBD659E8} = {2B6F3930-8EEC-4A81-B73B-250226EE21D1}
		{C08AF33B-40EE-4F9F-AEC3-0EB6D1C3F0E5} = {2B6F3930-8EEC-4A81-B73B-250226EE21D1}
	EndGlobalSection
	GlobalSection(ExtensibilityGlobals) = postSolution
		SolutionGuid = {8C3D5157-3091-4FF0-8B54-143A3493E99F}
	EndGlobalSection
EndGlobal
